
Microsoft Visual Studio Solution File, Format Version 12.00
# Visual Studio 15
VisualStudioVersion = 15.0.27428.2027
MinimumVisualStudioVersion = 10.0.40219.1
Project("{4DF76451-A46A-4C0B-BE03-459FAAFA07E6}") = "Braincube", "Braincube\Braincube.mproj", "{9A4BF220-F420-46E3-ADB0-43F41DBD1B5C}"
EndProject
Global
	GlobalSection(SolutionConfigurationPlatforms) = preSolution
		Debug|x86 = Debug|x86
		Release|x86 = Release|x86
	EndGlobalSection
	GlobalSection(ProjectConfigurationPlatforms) = postSolution
		{9A4BF220-F420-46E3-ADB0-43F41DBD1B5C}.Debug|x86.ActiveCfg = Debug|x86
		{9A4BF220-F420-46E3-ADB0-43F41DBD1B5C}.Debug|x86.Build.0 = Debug|x86
		{9A4BF220-F420-46E3-ADB0-43F41DBD1B5C}.Release|x86.ActiveCfg = Release|x86
		{9A4BF220-F420-46E3-ADB0-43F41DBD1B5C}.Release|x86.Build.0 = Release|x86
	EndGlobalSection
	GlobalSection(SolutionProperties) = preSolution
		HideSolutionNode = FALSE
	EndGlobalSection
	GlobalSection(ExtensibilityGlobals) = postSolution
		SolutionGuid = {154CBA57-6350-4BEA-B3F7-13ABF6515239}
	EndGlobalSection
EndGlobal
